
Microsoft Visual Studio Solution File, Format Version 12.00
# Visual Studio Version 16
VisualStudioVersion = 16.0.29920.165
MinimumVisualStudioVersion = 10.0.40219.1
Project("{FAE04EC0-301F-11D3-BF4B-00C04F79EFBC}") = "Encoding_UTF7", "Encoding_UTF7.csproj", "{8AA70B53-4C70-46C8-A9DF-3EDEA684FBE0}"
EndProject
Global
	GlobalSection(SolutionConfigurationPlatforms) = preSolution
		Debug|Any CPU = Debug|Any CPU
		Release|Any CPU = Release|Any CPU
	EndGlobalSection
	GlobalSection(ProjectConfigurationPlatforms) = postSolution
		{8AA70B53-4C70-46C8-A9DF-3EDEA684FBE0}.Debug|Any CPU.ActiveCfg = Debug|Any CPU
		{8AA70B53-4C70-46C8-A9DF-3EDEA684FBE0}.Debug|Any CPU.Build.0 = Debug|Any CPU
		{8AA70B53-4C70-46C8-A9DF-3EDEA684FBE0}.Release|Any CPU.ActiveCfg = Release|Any CPU
		{8AA70B53-4C70-46C8-A9DF-3EDEA684FBE0}.Release|Any CPU.Build.0 = Release|Any CPU
	EndGlobalSection
	GlobalSection(SolutionProperties) = preSolution
		HideSolutionNode = FALSE
	EndGlobalSection
	GlobalSection(ExtensibilityGlobals) = postSolution
		SolutionGuid = {3F026326-4483-4421-98E3-0936716E4CBC}
	EndGlobalSection
EndGlobal
