
Microsoft Visual Studio Solution File, Format Version 12.00
# Visual Studio Version 16
VisualStudioVersion = 16.0.29920.165
MinimumVisualStudioVersion = 10.0.40219.1
Project("{FAE04EC0-301F-11D3-BF4B-00C04F79EFBC}") = "RegularExpression", "RegularExpression.csproj", "{27683BDD-B986-428B-8550-06DCFEC3D7E1}"
EndProject
Global
	GlobalSection(SolutionConfigurationPlatforms) = preSolution
		Debug|Any CPU = Debug|Any CPU
		Release|Any CPU = Release|Any CPU
	EndGlobalSection
	GlobalSection(ProjectConfigurationPlatforms) = postSolution
		{27683BDD-B986-428B-8550-06DCFEC3D7E1}.Debug|Any CPU.ActiveCfg = Debug|Any CPU
		{27683BDD-B986-428B-8550-06DCFEC3D7E1}.Debug|Any CPU.Build.0 = Debug|Any CPU
		{27683BDD-B986-428B-8550-06DCFEC3D7E1}.Release|Any CPU.ActiveCfg = Release|Any CPU
		{27683BDD-B986-428B-8550-06DCFEC3D7E1}.Release|Any CPU.Build.0 = Release|Any CPU
	EndGlobalSection
	GlobalSection(SolutionProperties) = preSolution
		HideSolutionNode = FALSE
	EndGlobalSection
	GlobalSection(ExtensibilityGlobals) = postSolution
		SolutionGuid = {742EC4F8-36D9-4962-8A0E-853DD07A8AF7}
	EndGlobalSection
EndGlobal
